Microsoft Visual Studio Solution File, Format Version 12.00
# Visual Studio 2012
Project("{FAE04EC0-301F-11D3-BF4B-00C04F79EFBC}") = "RPG", "RPG.csproj", "{44C40796-6737-4327-89C3-BC4588F5644A}"
EndProject
Global
	GlobalSection(SolutionConfigurationPlatforms) = preSolution
	Debug|Any CPU = Debug|Any CPU
	ExportDebug|Any CPU = ExportDebug|Any CPU
	ExportRelease|Any CPU = ExportRelease|Any CPU
	EndGlobalSection
	GlobalSection(ProjectConfigurationPlatforms) = postSolution
		{44C40796-6737-4327-89C3-BC4588F5644A}.Debug|Any CPU.ActiveCfg = Debug|Any CPU
		{44C40796-6737-4327-89C3-BC4588F5644A}.Debug|Any CPU.Build.0 = Debug|Any CPU
		{44C40796-6737-4327-89C3-BC4588F5644A}.ExportDebug|Any CPU.ActiveCfg = ExportDebug|Any CPU
		{44C40796-6737-4327-89C3-BC4588F5644A}.ExportDebug|Any CPU.Build.0 = ExportDebug|Any CPU
		{44C40796-6737-4327-89C3-BC4588F5644A}.ExportRelease|Any CPU.ActiveCfg = ExportRelease|Any CPU
		{44C40796-6737-4327-89C3-BC4588F5644A}.ExportRelease|Any CPU.Build.0 = ExportRelease|Any CPU
	EndGlobalSection
EndGlobal
